// !$*UTF8*$!
{
	archiveVersion = 1;
	classes = {
	};
	objectVersion = 46;
	objects = {

/* Begin PBXAggregateTarget section */
		"glasses::glassesPackageTests::ProductTarget" /* glassesPackageTests */ = {
			isa = PBXAggregateTarget;
			buildConfigurationList = OBJ_359 /* Build configuration list for PBXAggregateTarget "glassesPackageTests" */;
			buildPhases = (
			);
			dependencies = (
				OBJ_362 /* PBXTargetDependency */,
			);
			name = glassesPackageTests;
			productName = glassesPackageTests;
		};
/* End PBXAggregateTarget section */

/* Begin PBXBuildFile section */
		OBJ_199 /* Array+Comparator.swift in Sources */ = {isa = PBXBuildFile; fileRef = OBJ_136 /* Array+Comparator.swift */; };
		OBJ_200 /* Array+Predicate.swift in Sources */ = {isa = PBXBuildFile; fileRef = OBJ_137 /* Array+Predicate.swift */; };
		OBJ_201 /* Array+Reduce.swift in Sources */ = {isa = PBXBuildFile; fileRef = OBJ_138 /* Array+Reduce.swift */; };
		OBJ_202 /* Copointed+Utils.swift in Sources */ = {isa = PBXBuildFile; fileRef = OBJ_139 /* Copointed+Utils.swift */; };
		OBJ_203 /* Optional+Zip.swift in Sources */ = {isa = PBXBuildFile; fileRef = OBJ_140 /* Optional+Zip.swift */; };
		OBJ_204 /* Sequence+FoldMap.swift in Sources */ = {isa = PBXBuildFile; fileRef = OBJ_141 /* Sequence+FoldMap.swift */; };
		OBJ_205 /* Sequence+Monoid.swift in Sources */ = {isa = PBXBuildFile; fileRef = OBJ_142 /* Sequence+Monoid.swift */; };
		OBJ_206 /* Sequence+Semigroup.swift in Sources */ = {isa = PBXBuildFile; fileRef = OBJ_143 /* Sequence+Semigroup.swift */; };
		OBJ_207 /* id.swift in Sources */ = {isa = PBXBuildFile; fileRef = OBJ_145 /* id.swift */; };
		OBJ_208 /* Bounded.swift in Sources */ = {isa = PBXBuildFile; fileRef = OBJ_147 /* Bounded.swift */; };
		OBJ_209 /* Copointed.swift in Sources */ = {isa = PBXBuildFile; fileRef = OBJ_148 /* Copointed.swift */; };
		OBJ_210 /* LowerBounded.swift in Sources */ = {isa = PBXBuildFile; fileRef = OBJ_149 /* LowerBounded.swift */; };
		OBJ_211 /* Monoid.swift in Sources */ = {isa = PBXBuildFile; fileRef = OBJ_150 /* Monoid.swift */; };
		OBJ_212 /* Monoidal.swift in Sources */ = {isa = PBXBuildFile; fileRef = OBJ_151 /* Monoidal.swift */; };
		OBJ_213 /* Numeric.swift in Sources */ = {isa = PBXBuildFile; fileRef = OBJ_152 /* Numeric.swift */; };
		OBJ_214 /* Pointed.swift in Sources */ = {isa = PBXBuildFile; fileRef = OBJ_153 /* Pointed.swift */; };
		OBJ_215 /* Semigroup.swift in Sources */ = {isa = PBXBuildFile; fileRef = OBJ_154 /* Semigroup.swift */; };
		OBJ_216 /* UpperBounded.swift in Sources */ = {isa = PBXBuildFile; fileRef = OBJ_155 /* UpperBounded.swift */; };
		OBJ_217 /* All.swift in Sources */ = {isa = PBXBuildFile; fileRef = OBJ_157 /* All.swift */; };
		OBJ_218 /* Any.swift in Sources */ = {isa = PBXBuildFile; fileRef = OBJ_158 /* Any.swift */; };
		OBJ_219 /* Array+Monoid.swift in Sources */ = {isa = PBXBuildFile; fileRef = OBJ_159 /* Array+Monoid.swift */; };
		OBJ_220 /* Average.swift in Sources */ = {isa = PBXBuildFile; fileRef = OBJ_160 /* Average.swift */; };
		OBJ_221 /* Endo.swift in Sources */ = {isa = PBXBuildFile; fileRef = OBJ_161 /* Endo.swift */; };
		OBJ_222 /* FuncM.swift in Sources */ = {isa = PBXBuildFile; fileRef = OBJ_162 /* FuncM.swift */; };
		OBJ_223 /* Longest.swift in Sources */ = {isa = PBXBuildFile; fileRef = OBJ_163 /* Longest.swift */; };
		OBJ_224 /* None.swift in Sources */ = {isa = PBXBuildFile; fileRef = OBJ_164 /* None.swift */; };
		OBJ_225 /* Optional+Monoid.swift in Sources */ = {isa = PBXBuildFile; fileRef = OBJ_165 /* Optional+Monoid.swift */; };
		OBJ_226 /* Ordering.swift in Sources */ = {isa = PBXBuildFile; fileRef = OBJ_166 /* Ordering.swift */; };
		OBJ_227 /* PointedCopointed+Functor.swift in Sources */ = {isa = PBXBuildFile; fileRef = OBJ_167 /* PointedCopointed+Functor.swift */; };
		OBJ_228 /* Predicate.swift in Sources */ = {isa = PBXBuildFile; fileRef = OBJ_168 /* Predicate.swift */; };
		OBJ_229 /* Product.swift in Sources */ = {isa = PBXBuildFile; fileRef = OBJ_169 /* Product.swift */; };
		OBJ_230 /* Set+Monoid.swift in Sources */ = {isa = PBXBuildFile; fileRef = OBJ_170 /* Set+Monoid.swift */; };
		OBJ_231 /* Shortest.swift in Sources */ = {isa = PBXBuildFile; fileRef = OBJ_171 /* Shortest.swift */; };
		OBJ_232 /* String+Monoid.swift in Sources */ = {isa = PBXBuildFile; fileRef = OBJ_172 /* String+Monoid.swift */; };
		OBJ_233 /* String+Predicate.swift in Sources */ = {isa = PBXBuildFile; fileRef = OBJ_173 /* String+Predicate.swift */; };
		OBJ_234 /* Sum.swift in Sources */ = {isa = PBXBuildFile; fileRef = OBJ_174 /* Sum.swift */; };
		OBJ_235 /* Earliest.swift in Sources */ = {isa = PBXBuildFile; fileRef = OBJ_176 /* Earliest.swift */; };
		OBJ_236 /* First.swift in Sources */ = {isa = PBXBuildFile; fileRef = OBJ_177 /* First.swift */; };
		OBJ_237 /* Last.swift in Sources */ = {isa = PBXBuildFile; fileRef = OBJ_178 /* Last.swift */; };
		OBJ_238 /* Latest.swift in Sources */ = {isa = PBXBuildFile; fileRef = OBJ_179 /* Latest.swift */; };
		OBJ_239 /* Max.swift in Sources */ = {isa = PBXBuildFile; fileRef = OBJ_180 /* Max.swift */; };
		OBJ_240 /* Min.swift in Sources */ = {isa = PBXBuildFile; fileRef = OBJ_181 /* Min.swift */; };
		OBJ_241 /* Composition.swift in Sources */ = {isa = PBXBuildFile; fileRef = OBJ_183 /* Composition.swift */; };
		OBJ_242 /* NaturalTransformation.swift in Sources */ = {isa = PBXBuildFile; fileRef = OBJ_184 /* NaturalTransformation.swift */; };
		OBJ_249 /* Package.swift in Sources */ = {isa = PBXBuildFile; fileRef = OBJ_185 /* Package.swift */; };
		OBJ_255 /* Either+Fold.swift in Sources */ = {isa = PBXBuildFile; fileRef = OBJ_10 /* Either+Fold.swift */; };
		OBJ_256 /* Fold+Array.swift in Sources */ = {isa = PBXBuildFile; fileRef = OBJ_11 /* Fold+Array.swift */; };
		OBJ_257 /* Fold+Composition.swift in Sources */ = {isa = PBXBuildFile; fileRef = OBJ_12 /* Fold+Composition.swift */; };
		OBJ_258 /* Fold+Concatenation.swift in Sources */ = {isa = PBXBuildFile; fileRef = OBJ_13 /* Fold+Concatenation.swift */; };
		OBJ_259 /* Fold+Filter.swift in Sources */ = {isa = PBXBuildFile; fileRef = OBJ_14 /* Fold+Filter.swift */; };
		OBJ_260 /* Fold+Functor.swift in Sources */ = {isa = PBXBuildFile; fileRef = OBJ_15 /* Fold+Functor.swift */; };
		OBJ_261 /* Fold+Getter.swift in Sources */ = {isa = PBXBuildFile; fileRef = OBJ_16 /* Fold+Getter.swift */; };
		OBJ_262 /* Fold+KeyPath.swift in Sources */ = {isa = PBXBuildFile; fileRef = OBJ_17 /* Fold+KeyPath.swift */; };
		OBJ_263 /* Fold+Monoid.swift in Sources */ = {isa = PBXBuildFile; fileRef = OBJ_18 /* Fold+Monoid.swift */; };
		OBJ_264 /* Fold+Semigroup.swift in Sources */ = {isa = PBXBuildFile; fileRef = OBJ_19 /* Fold+Semigroup.swift */; };
		OBJ_265 /* Fold+Utils.swift in Sources */ = {isa = PBXBuildFile; fileRef = OBJ_20 /* Fold+Utils.swift */; };
		OBJ_266 /* Fold.swift in Sources */ = {isa = PBXBuildFile; fileRef = OBJ_21 /* Fold.swift */; };
		OBJ_267 /* Func+Fold.swift in Sources */ = {isa = PBXBuildFile; fileRef = OBJ_22 /* Func+Fold.swift */; };
		OBJ_268 /* Lens+Fold.swift in Sources */ = {isa = PBXBuildFile; fileRef = OBJ_23 /* Lens+Fold.swift */; };
		OBJ_269 /* Optional+Fold.swift in Sources */ = {isa = PBXBuildFile; fileRef = OBJ_24 /* Optional+Fold.swift */; };
		OBJ_270 /* Prism+Fold.swift in Sources */ = {isa = PBXBuildFile; fileRef = OBJ_25 /* Prism+Fold.swift */; };
		OBJ_271 /* Traversal+Fold.swift in Sources */ = {isa = PBXBuildFile; fileRef = OBJ_26 /* Traversal+Fold.swift */; };
		OBJ_272 /* Traversal1+Fold.swift in Sources */ = {isa = PBXBuildFile; fileRef = OBJ_27 /* Traversal1+Fold.swift */; };
		OBJ_273 /* Iso+Composition.swift in Sources */ = {isa = PBXBuildFile; fileRef = OBJ_29 /* Iso+Composition.swift */; };
		OBJ_274 /* Iso+Numeric.swift in Sources */ = {isa = PBXBuildFile; fileRef = OBJ_30 /* Iso+Numeric.swift */; };
		OBJ_275 /* Iso.swift in Sources */ = {isa = PBXBuildFile; fileRef = OBJ_31 /* Iso.swift */; };
		OBJ_276 /* Lens+Prism.swift in Sources */ = {isa = PBXBuildFile; fileRef = OBJ_32 /* Lens+Prism.swift */; };
		OBJ_277 /* Lens+Composition.swift in Sources */ = {isa = PBXBuildFile; fileRef = OBJ_34 /* Lens+Composition.swift */; };
		OBJ_278 /* Lens+Constructors.swift in Sources */ = {isa = PBXBuildFile; fileRef = OBJ_35 /* Lens+Constructors.swift */; };
		OBJ_279 /* Lens+Getter.swift in Sources */ = {isa = PBXBuildFile; fileRef = OBJ_36 /* Lens+Getter.swift */; };
		OBJ_280 /* Lens+Iso.swift in Sources */ = {isa = PBXBuildFile; fileRef = OBJ_37 /* Lens+Iso.swift */; };
		OBJ_281 /* Lens+Methods.swift in Sources */ = {isa = PBXBuildFile; fileRef = OBJ_38 /* Lens+Methods.swift */; };
		OBJ_282 /* Lens+Setter.swift in Sources */ = {isa = PBXBuildFile; fileRef = OBJ_39 /* Lens+Setter.swift */; };
		OBJ_283 /* Lens+Tuple.swift in Sources */ = {isa = PBXBuildFile; fileRef = OBJ_40 /* Lens+Tuple.swift */; };
		OBJ_284 /* Lens.swift in Sources */ = {isa = PBXBuildFile; fileRef = OBJ_41 /* Lens.swift */; };
		OBJ_285 /* MLens+Composition.swift in Sources */ = {isa = PBXBuildFile; fileRef = OBJ_43 /* MLens+Composition.swift */; };
		OBJ_286 /* MLens+Constructor.swift in Sources */ = {isa = PBXBuildFile; fileRef = OBJ_44 /* MLens+Constructor.swift */; };
		OBJ_287 /* MLens.swift in Sources */ = {isa = PBXBuildFile; fileRef = OBJ_45 /* MLens.swift */; };
		OBJ_299 /* Application.swift in Sources */ = {isa = PBXBuildFile; fileRef = OBJ_59 /* Application.swift */; };
		OBJ_300 /* Either+Alt.swift in Sources */ = {isa = PBXBuildFile; fileRef = OBJ_61 /* Either+Alt.swift */; };
		OBJ_301 /* Either+Applicative.swift in Sources */ = {isa = PBXBuildFile; fileRef = OBJ_62 /* Either+Applicative.swift */; };
		OBJ_302 /* Either+Codable.swift in Sources */ = {isa = PBXBuildFile; fileRef = OBJ_63 /* Either+Codable.swift */; };
		OBJ_303 /* Either+Error.swift in Sources */ = {isa = PBXBuildFile; fileRef = OBJ_64 /* Either+Error.swift */; };
		OBJ_304 /* Either+Monad.swift in Sources */ = {isa = PBXBuildFile; fileRef = OBJ_65 /* Either+Monad.swift */; };
		OBJ_305 /* Either+Optional.swift in Sources */ = {isa = PBXBuildFile; fileRef = OBJ_66 /* Either+Optional.swift */; };
		OBJ_306 /* Either+Traversable.swift in Sources */ = {isa = PBXBuildFile; fileRef = OBJ_67 /* Either+Traversable.swift */; };
		OBJ_307 /* Either+Zip.swift in Sources */ = {isa = PBXBuildFile; fileRef = OBJ_68 /* Either+Zip.swift */; };
		OBJ_308 /* Either.swift in Sources */ = {isa = PBXBuildFile; fileRef = OBJ_69 /* Either.swift */; };
		OBJ_309 /* Operators.swift in Sources */ = {isa = PBXBuildFile; fileRef = OBJ_70 /* Operators.swift */; };
		OBJ_310 /* Optional+Utils.swift in Sources */ = {isa = PBXBuildFile; fileRef = OBJ_71 /* Optional+Utils.swift */; };
		OBJ_311 /* PrecedenceGroups.swift in Sources */ = {isa = PBXBuildFile; fileRef = OBJ_72 /* PrecedenceGroups.swift */; };
		OBJ_312 /* Prelude.swift in Sources */ = {isa = PBXBuildFile; fileRef = OBJ_73 /* Prelude.swift */; };
		OBJ_313 /* Either+Prism.swift in Sources */ = {isa = PBXBuildFile; fileRef = OBJ_75 /* Either+Prism.swift */; };
		OBJ_314 /* Prism+Composition.swift in Sources */ = {isa = PBXBuildFile; fileRef = OBJ_76 /* Prism+Composition.swift */; };
		OBJ_315 /* Prism+Creation.swift in Sources */ = {isa = PBXBuildFile; fileRef = OBJ_77 /* Prism+Creation.swift */; };
		OBJ_316 /* Prism+Enum.swift in Sources */ = {isa = PBXBuildFile; fileRef = OBJ_78 /* Prism+Enum.swift */; };
		OBJ_317 /* Prism+Getter.swift in Sources */ = {isa = PBXBuildFile; fileRef = OBJ_79 /* Prism+Getter.swift */; };
		OBJ_318 /* Prism+Methods.swift in Sources */ = {isa = PBXBuildFile; fileRef = OBJ_80 /* Prism+Methods.swift */; };
		OBJ_319 /* Prism+Operator.swift in Sources */ = {isa = PBXBuildFile; fileRef = OBJ_81 /* Prism+Operator.swift */; };
		OBJ_320 /* Prism+Optional.swift in Sources */ = {isa = PBXBuildFile; fileRef = OBJ_82 /* Prism+Optional.swift */; };
		OBJ_321 /* Prism+Setter.swift in Sources */ = {isa = PBXBuildFile; fileRef = OBJ_83 /* Prism+Setter.swift */; };
		OBJ_322 /* Prism.swift in Sources */ = {isa = PBXBuildFile; fileRef = OBJ_84 /* Prism.swift */; };
		OBJ_323 /* Result+Prism.swift in Sources */ = {isa = PBXBuildFile; fileRef = OBJ_85 /* Result+Prism.swift */; };
		OBJ_324 /* Getter.swift in Sources */ = {isa = PBXBuildFile; fileRef = OBJ_87 /* Getter.swift */; };
		OBJ_325 /* Optic.swift in Sources */ = {isa = PBXBuildFile; fileRef = OBJ_88 /* Optic.swift */; };
		OBJ_326 /* Setter.swift in Sources */ = {isa = PBXBuildFile; fileRef = OBJ_89 /* Setter.swift */; };
		OBJ_327 /* MSetters.swift in Sources */ = {isa = PBXBuildFile; fileRef = OBJ_91 /* MSetters.swift */; };
		OBJ_328 /* Either+Traversal.swift in Sources */ = {isa = PBXBuildFile; fileRef = OBJ_93 /* Either+Traversal.swift */; };
		OBJ_329 /* Lens+Traversal.swift in Sources */ = {isa = PBXBuildFile; fileRef = OBJ_94 /* Lens+Traversal.swift */; };
		OBJ_330 /* Optional+Traversal.swift in Sources */ = {isa = PBXBuildFile; fileRef = OBJ_95 /* Optional+Traversal.swift */; };
		OBJ_331 /* Traversal+Array.swift in Sources */ = {isa = PBXBuildFile; fileRef = OBJ_96 /* Traversal+Array.swift */; };
		OBJ_332 /* Traversal+Composition.swift in Sources */ = {isa = PBXBuildFile; fileRef = OBJ_97 /* Traversal+Composition.swift */; };
		OBJ_333 /* Traversal+Getter.swift in Sources */ = {isa = PBXBuildFile; fileRef = OBJ_98 /* Traversal+Getter.swift */; };
		OBJ_334 /* Traversal+Monoid.swift in Sources */ = {isa = PBXBuildFile; fileRef = OBJ_99 /* Traversal+Monoid.swift */; };
		OBJ_335 /* Traversal+Setter.swift in Sources */ = {isa = PBXBuildFile; fileRef = OBJ_100 /* Traversal+Setter.swift */; };
		OBJ_336 /* Traversal+Tuple.swift in Sources */ = {isa = PBXBuildFile; fileRef = OBJ_101 /* Traversal+Tuple.swift */; };
		OBJ_337 /* Traversal+Utils.swift in Sources */ = {isa = PBXBuildFile; fileRef = OBJ_102 /* Traversal+Utils.swift */; };
		OBJ_338 /* Traversal.swift in Sources */ = {isa = PBXBuildFile; fileRef = OBJ_103 /* Traversal.swift */; };
		OBJ_339 /* Lens+Traversal1.swift in Sources */ = {isa = PBXBuildFile; fileRef = OBJ_105 /* Lens+Traversal1.swift */; };
		OBJ_340 /* Prism+Traversal1.swift in Sources */ = {isa = PBXBuildFile; fileRef = OBJ_106 /* Prism+Traversal1.swift */; };
		OBJ_341 /* Traversal1+Array.swift in Sources */ = {isa = PBXBuildFile; fileRef = OBJ_107 /* Traversal1+Array.swift */; };
		OBJ_342 /* Traversal1+As.swift in Sources */ = {isa = PBXBuildFile; fileRef = OBJ_108 /* Traversal1+As.swift */; };
		OBJ_343 /* Traversal1+Composition.swift in Sources */ = {isa = PBXBuildFile; fileRef = OBJ_109 /* Traversal1+Composition.swift */; };
		OBJ_344 /* Traversal1+Dictionary.swift in Sources */ = {isa = PBXBuildFile; fileRef = OBJ_110 /* Traversal1+Dictionary.swift */; };
		OBJ_345 /* Traversal1+Getter.swift in Sources */ = {isa = PBXBuildFile; fileRef = OBJ_111 /* Traversal1+Getter.swift */; };
		OBJ_346 /* Traversal1+Methods.swift in Sources */ = {isa = PBXBuildFile; fileRef = OBJ_112 /* Traversal1+Methods.swift */; };
		OBJ_347 /* Traversal1+Setter.swift in Sources */ = {isa = PBXBuildFile; fileRef = OBJ_113 /* Traversal1+Setter.swift */; };
		OBJ_348 /* Traversal1.swift in Sources */ = {isa = PBXBuildFile; fileRef = OBJ_114 /* Traversal1.swift */; };
		OBJ_350 /* Algebraic.framework in Frameworks */ = {isa = PBXBuildFile; fileRef = "Algebraic::Algebraic::Product" /* Algebraic.framework */; };
		OBJ_357 /* Package.swift in Sources */ = {isa = PBXBuildFile; fileRef = OBJ_6 /* Package.swift */; };
		OBJ_368 /* EitherTests.swift in Sources */ = {isa = PBXBuildFile; fileRef = OBJ_117 /* EitherTests.swift */; };
		OBJ_369 /* FoldTests.swift in Sources */ = {isa = PBXBuildFile; fileRef = OBJ_118 /* FoldTests.swift */; };
		OBJ_370 /* IsoTests.swift in Sources */ = {isa = PBXBuildFile; fileRef = OBJ_119 /* IsoTests.swift */; };
		OBJ_371 /* LensCompositionTests.swift in Sources */ = {isa = PBXBuildFile; fileRef = OBJ_120 /* LensCompositionTests.swift */; };
		OBJ_372 /* LensTests.swift in Sources */ = {isa = PBXBuildFile; fileRef = OBJ_121 /* LensTests.swift */; };
		OBJ_373 /* MLensTests.swift in Sources */ = {isa = PBXBuildFile; fileRef = OBJ_122 /* MLensTests.swift */; };
		OBJ_375 /* OpticTests.swift in Sources */ = {isa = PBXBuildFile; fileRef = OBJ_124 /* OpticTests.swift */; };
		OBJ_376 /* PrismTests.swift in Sources */ = {isa = PBXBuildFile; fileRef = OBJ_125 /* PrismTests.swift */; };
		OBJ_378 /* Traversal1Tests.swift in Sources */ = {isa = PBXBuildFile; fileRef = OBJ_127 /* Traversal1Tests.swift */; };
		OBJ_379 /* TraversalCompositionTests.swift in Sources */ = {isa = PBXBuildFile; fileRef = OBJ_128 /* TraversalCompositionTests.swift */; };
		OBJ_380 /* TraversalPrismTests.swift in Sources */ = {isa = PBXBuildFile; fileRef = OBJ_129 /* TraversalPrismTests.swift */; };
		OBJ_381 /* TraversalTests.swift in Sources */ = {isa = PBXBuildFile; fileRef = OBJ_130 /* TraversalTests.swift */; };
		OBJ_382 /* glassesTests.swift in Sources */ = {isa = PBXBuildFile; fileRef = OBJ_131 /* glassesTests.swift */; };
		OBJ_384 /* glasses.framework in Frameworks */ = {isa = PBXBuildFile; fileRef = "glasses::glasses::Product" /* glasses.framework */; };
		OBJ_385 /* Algebraic.framework in Frameworks */ = {isa = PBXBuildFile; fileRef = "Algebraic::Algebraic::Product" /* Algebraic.framework */; };
/* End PBXBuildFile section */

/* Begin PBXContainerItemProxy section */
		ACCA15AF25024F0800090A50 /* PBXContainerItemProxy */ = {
			isa = PBXContainerItemProxy;
			containerPortal = OBJ_1 /* Project object */;
			proxyType = 1;
			remoteGlobalIDString = "Algebraic::Algebraic";
			remoteInfo = Algebraic;
		};
		ACCA15B025024F0800090A50 /* PBXContainerItemProxy */ = {
			isa = PBXContainerItemProxy;
			containerPortal = OBJ_1 /* Project object */;
			proxyType = 1;
			remoteGlobalIDString = "glasses::glasses";
			remoteInfo = glasses;
		};
		ACCA15B125024F0800090A50 /* PBXContainerItemProxy */ = {
			isa = PBXContainerItemProxy;
			containerPortal = OBJ_1 /* Project object */;
			proxyType = 1;
			remoteGlobalIDString = "Algebraic::Algebraic";
			remoteInfo = Algebraic;
		};
		ACCA15B22502510300090A50 /* PBXContainerItemProxy */ = {
			isa = PBXContainerItemProxy;
			containerPortal = OBJ_1 /* Project object */;
			proxyType = 1;
			remoteGlobalIDString = "glasses::glassesTests";
			remoteInfo = glassesTests;
		};
/* End PBXContainerItemProxy section */

/* Begin PBXFileReference section */
		ACCA15B3250260B600090A50 /* glasses-Package.xctestplan */ = {isa = PBXFileReference; lastKnownFileType = text; name = "glasses-Package.xctestplan"; path = "glasses.xcodeproj/glasses-Package.xctestplan"; sourceTree = "<group>"; };
		"Algebraic::Algebraic::Product" /* Algebraic.framework */ = {isa = PBXFileReference; lastKnownFileType = wrapper.framework; path = Algebraic.framework; sourceTree = BUILT_PRODUCTS_DIR; };
		OBJ_10 /* Either+Fold.swift */ = {isa = PBXFileReference; lastKnownFileType = sourcecode.swift; path = "Either+Fold.swift"; sourceTree = "<group>"; };
		OBJ_100 /* Traversal+Setter.swift */ = {isa = PBXFileReference; lastKnownFileType = sourcecode.swift; path = "Traversal+Setter.swift"; sourceTree = "<group>"; };
		OBJ_101 /* Traversal+Tuple.swift */ = {isa = PBXFileReference; lastKnownFileType = sourcecode.swift; path = "Traversal+Tuple.swift"; sourceTree = "<group>"; };
		OBJ_102 /* Traversal+Utils.swift */ = {isa = PBXFileReference; lastKnownFileType = sourcecode.swift; path = "Traversal+Utils.swift"; sourceTree = "<group>"; };
		OBJ_103 /* Traversal.swift */ = {isa = PBXFileReference; lastKnownFileType = sourcecode.swift; path = Traversal.swift; sourceTree = "<group>"; };
		OBJ_105 /* Lens+Traversal1.swift */ = {isa = PBXFileReference; lastKnownFileType = sourcecode.swift; path = "Lens+Traversal1.swift"; sourceTree = "<group>"; };
		OBJ_106 /* Prism+Traversal1.swift */ = {isa = PBXFileReference; lastKnownFileType = sourcecode.swift; path = "Prism+Traversal1.swift"; sourceTree = "<group>"; };
		OBJ_107 /* Traversal1+Array.swift */ = {isa = PBXFileReference; lastKnownFileType = sourcecode.swift; path = "Traversal1+Array.swift"; sourceTree = "<group>"; };
		OBJ_108 /* Traversal1+As.swift */ = {isa = PBXFileReference; lastKnownFileType = sourcecode.swift; path = "Traversal1+As.swift"; sourceTree = "<group>"; };
		OBJ_109 /* Traversal1+Composition.swift */ = {isa = PBXFileReference; lastKnownFileType = sourcecode.swift; path = "Traversal1+Composition.swift"; sourceTree = "<group>"; };
		OBJ_11 /* Fold+Array.swift */ = {isa = PBXFileReference; lastKnownFileType = sourcecode.swift; path = "Fold+Array.swift"; sourceTree = "<group>"; };
		OBJ_110 /* Traversal1+Dictionary.swift */ = {isa = PBXFileReference; lastKnownFileType = sourcecode.swift; path = "Traversal1+Dictionary.swift"; sourceTree = "<group>"; };
		OBJ_111 /* Traversal1+Getter.swift */ = {isa = PBXFileReference; lastKnownFileType = sourcecode.swift; path = "Traversal1+Getter.swift"; sourceTree = "<group>"; };
		OBJ_112 /* Traversal1+Methods.swift */ = {isa = PBXFileReference; lastKnownFileType = sourcecode.swift; path = "Traversal1+Methods.swift"; sourceTree = "<group>"; };
		OBJ_113 /* Traversal1+Setter.swift */ = {isa = PBXFileReference; lastKnownFileType = sourcecode.swift; path = "Traversal1+Setter.swift"; sourceTree = "<group>"; };
		OBJ_114 /* Traversal1.swift */ = {isa = PBXFileReference; lastKnownFileType = sourcecode.swift; path = Traversal1.swift; sourceTree = "<group>"; };
		OBJ_117 /* EitherTests.swift */ = {isa = PBXFileReference; lastKnownFileType = sourcecode.swift; path = EitherTests.swift; sourceTree = "<group>"; };
		OBJ_118 /* FoldTests.swift */ = {isa = PBXFileReference; lastKnownFileType = sourcecode.swift; path = FoldTests.swift; sourceTree = "<group>"; };
		OBJ_119 /* IsoTests.swift */ = {isa = PBXFileReference; lastKnownFileType = sourcecode.swift; path = IsoTests.swift; sourceTree = "<group>"; };
		OBJ_12 /* Fold+Composition.swift */ = {isa = PBXFileReference; lastKnownFileType = sourcecode.swift; path = "Fold+Composition.swift"; sourceTree = "<group>"; };
		OBJ_120 /* LensCompositionTests.swift */ = {isa = PBXFileReference; lastKnownFileType = sourcecode.swift; path = LensCompositionTests.swift; sourceTree = "<group>"; };
		OBJ_121 /* LensTests.swift */ = {isa = PBXFileReference; lastKnownFileType = sourcecode.swift; path = LensTests.swift; sourceTree = "<group>"; };
		OBJ_122 /* MLensTests.swift */ = {isa = PBXFileReference; lastKnownFileType = sourcecode.swift; path = MLensTests.swift; sourceTree = "<group>"; };
		OBJ_124 /* OpticTests.swift */ = {isa = PBXFileReference; lastKnownFileType = sourcecode.swift; path = OpticTests.swift; sourceTree = "<group>"; };
		OBJ_125 /* PrismTests.swift */ = {isa = PBXFileReference; lastKnownFileType = sourcecode.swift; path = PrismTests.swift; sourceTree = "<group>"; };
		OBJ_127 /* Traversal1Tests.swift */ = {isa = PBXFileReference; lastKnownFileType = sourcecode.swift; path = Traversal1Tests.swift; sourceTree = "<group>"; };
		OBJ_128 /* TraversalCompositionTests.swift */ = {isa = PBXFileReference; lastKnownFileType = sourcecode.swift; path = TraversalCompositionTests.swift; sourceTree = "<group>"; };
		OBJ_129 /* TraversalPrismTests.swift */ = {isa = PBXFileReference; lastKnownFileType = sourcecode.swift; path = TraversalPrismTests.swift; sourceTree = "<group>"; };
		OBJ_13 /* Fold+Concatenation.swift */ = {isa = PBXFileReference; lastKnownFileType = sourcecode.swift; path = "Fold+Concatenation.swift"; sourceTree = "<group>"; };
		OBJ_130 /* TraversalTests.swift */ = {isa = PBXFileReference; lastKnownFileType = sourcecode.swift; path = TraversalTests.swift; sourceTree = "<group>"; };
		OBJ_131 /* glassesTests.swift */ = {isa = PBXFileReference; lastKnownFileType = sourcecode.swift; path = glassesTests.swift; sourceTree = "<group>"; };
		OBJ_136 /* Array+Comparator.swift */ = {isa = PBXFileReference; lastKnownFileType = sourcecode.swift; path = "Array+Comparator.swift"; sourceTree = "<group>"; };
		OBJ_137 /* Array+Predicate.swift */ = {isa = PBXFileReference; lastKnownFileType = sourcecode.swift; path = "Array+Predicate.swift"; sourceTree = "<group>"; };
		OBJ_138 /* Array+Reduce.swift */ = {isa = PBXFileReference; lastKnownFileType = sourcecode.swift; path = "Array+Reduce.swift"; sourceTree = "<group>"; };
		OBJ_139 /* Copointed+Utils.swift */ = {isa = PBXFileReference; lastKnownFileType = sourcecode.swift; path = "Copointed+Utils.swift"; sourceTree = "<group>"; };
		OBJ_14 /* Fold+Filter.swift */ = {isa = PBXFileReference; lastKnownFileType = sourcecode.swift; path = "Fold+Filter.swift"; sourceTree = "<group>"; };
		OBJ_140 /* Optional+Zip.swift */ = {isa = PBXFileReference; lastKnownFileType = sourcecode.swift; path = "Optional+Zip.swift"; sourceTree = "<group>"; };
		OBJ_141 /* Sequence+FoldMap.swift */ = {isa = PBXFileReference; lastKnownFileType = sourcecode.swift; path = "Sequence+FoldMap.swift"; sourceTree = "<group>"; };
		OBJ_142 /* Sequence+Monoid.swift */ = {isa = PBXFileReference; lastKnownFileType = sourcecode.swift; path = "Sequence+Monoid.swift"; sourceTree = "<group>"; };
		OBJ_143 /* Sequence+Semigroup.swift */ = {isa = PBXFileReference; lastKnownFileType = sourcecode.swift; path = "Sequence+Semigroup.swift"; sourceTree = "<group>"; };
		OBJ_145 /* id.swift */ = {isa = PBXFileReference; lastKnownFileType = sourcecode.swift; path = id.swift; sourceTree = "<group>"; };
		OBJ_147 /* Bounded.swift */ = {isa = PBXFileReference; lastKnownFileType = sourcecode.swift; path = Bounded.swift; sourceTree = "<group>"; };
		OBJ_148 /* Copointed.swift */ = {isa = PBXFileReference; lastKnownFileType = sourcecode.swift; path = Copointed.swift; sourceTree = "<group>"; };
		OBJ_149 /* LowerBounded.swift */ = {isa = PBXFileReference; lastKnownFileType = sourcecode.swift; path = LowerBounded.swift; sourceTree = "<group>"; };
		OBJ_15 /* Fold+Functor.swift */ = {isa = PBXFileReference; lastKnownFileType = sourcecode.swift; path = "Fold+Functor.swift"; sourceTree = "<group>"; };
		OBJ_150 /* Monoid.swift */ = {isa = PBXFileReference; lastKnownFileType = sourcecode.swift; path = Monoid.swift; sourceTree = "<group>"; };
		OBJ_151 /* Monoidal.swift */ = {isa = PBXFileReference; lastKnownFileType = sourcecode.swift; path = Monoidal.swift; sourceTree = "<group>"; };
		OBJ_152 /* Numeric.swift */ = {isa = PBXFileReference; lastKnownFileType = sourcecode.swift; path = Numeric.swift; sourceTree = "<group>"; };
		OBJ_153 /* Pointed.swift */ = {isa = PBXFileReference; lastKnownFileType = sourcecode.swift; path = Pointed.swift; sourceTree = "<group>"; };
		OBJ_154 /* Semigroup.swift */ = {isa = PBXFileReference; lastKnownFileType = sourcecode.swift; path = Semigroup.swift; sourceTree = "<group>"; };
		OBJ_155 /* UpperBounded.swift */ = {isa = PBXFileReference; lastKnownFileType = sourcecode.swift; path = UpperBounded.swift; sourceTree = "<group>"; };
		OBJ_157 /* All.swift */ = {isa = PBXFileReference; lastKnownFileType = sourcecode.swift; path = All.swift; sourceTree = "<group>"; };
		OBJ_158 /* Any.swift */ = {isa = PBXFileReference; lastKnownFileType = sourcecode.swift; path = Any.swift; sourceTree = "<group>"; };
		OBJ_159 /* Array+Monoid.swift */ = {isa = PBXFileReference; lastKnownFileType = sourcecode.swift; path = "Array+Monoid.swift"; sourceTree = "<group>"; };
		OBJ_16 /* Fold+Getter.swift */ = {isa = PBXFileReference; lastKnownFileType = sourcecode.swift; path = "Fold+Getter.swift"; sourceTree = "<group>"; };
		OBJ_160 /* Average.swift */ = {isa = PBXFileReference; lastKnownFileType = sourcecode.swift; path = Average.swift; sourceTree = "<group>"; };
		OBJ_161 /* Endo.swift */ = {isa = PBXFileReference; lastKnownFileType = sourcecode.swift; path = Endo.swift; sourceTree = "<group>"; };
		OBJ_162 /* FuncM.swift */ = {isa = PBXFileReference; lastKnownFileType = sourcecode.swift; path = FuncM.swift; sourceTree = "<group>"; };
		OBJ_163 /* Longest.swift */ = {isa = PBXFileReference; lastKnownFileType = sourcecode.swift; path = Longest.swift; sourceTree = "<group>"; };
		OBJ_164 /* None.swift */ = {isa = PBXFileReference; lastKnownFileType = sourcecode.swift; path = None.swift; sourceTree = "<group>"; };
		OBJ_165 /* Optional+Monoid.swift */ = {isa = PBXFileReference; lastKnownFileType = sourcecode.swift; path = "Optional+Monoid.swift"; sourceTree = "<group>"; };
		OBJ_166 /* Ordering.swift */ = {isa = PBXFileReference; lastKnownFileType = sourcecode.swift; path = Ordering.swift; sourceTree = "<group>"; };
		OBJ_167 /* PointedCopointed+Functor.swift */ = {isa = PBXFileReference; lastKnownFileType = sourcecode.swift; path = "PointedCopointed+Functor.swift"; sourceTree = "<group>"; };
		OBJ_168 /* Predicate.swift */ = {isa = PBXFileReference; lastKnownFileType = sourcecode.swift; path = Predicate.swift; sourceTree = "<group>"; };
		OBJ_169 /* Product.swift */ = {isa = PBXFileReference; lastKnownFileType = sourcecode.swift; path = Product.swift; sourceTree = "<group>"; };
		OBJ_17 /* Fold+KeyPath.swift */ = {isa = PBXFileReference; lastKnownFileType = sourcecode.swift; path = "Fold+KeyPath.swift"; sourceTree = "<group>"; };
		OBJ_170 /* Set+Monoid.swift */ = {isa = PBXFileReference; lastKnownFileType = sourcecode.swift; path = "Set+Monoid.swift"; sourceTree = "<group>"; };
		OBJ_171 /* Shortest.swift */ = {isa = PBXFileReference; lastKnownFileType = sourcecode.swift; path = Shortest.swift; sourceTree = "<group>"; };
		OBJ_172 /* String+Monoid.swift */ = {isa = PBXFileReference; lastKnownFileType = sourcecode.swift; path = "String+Monoid.swift"; sourceTree = "<group>"; };
		OBJ_173 /* String+Predicate.swift */ = {isa = PBXFileReference; lastKnownFileType = sourcecode.swift; path = "String+Predicate.swift"; sourceTree = "<group>"; };
		OBJ_174 /* Sum.swift */ = {isa = PBXFileReference; lastKnownFileType = sourcecode.swift; path = Sum.swift; sourceTree = "<group>"; };
		OBJ_176 /* Earliest.swift */ = {isa = PBXFileReference; lastKnownFileType = sourcecode.swift; path = Earliest.swift; sourceTree = "<group>"; };
		OBJ_177 /* First.swift */ = {isa = PBXFileReference; lastKnownFileType = sourcecode.swift; path = First.swift; sourceTree = "<group>"; };
		OBJ_178 /* Last.swift */ = {isa = PBXFileReference; lastKnownFileType = sourcecode.swift; path = Last.swift; sourceTree = "<group>"; };
		OBJ_179 /* Latest.swift */ = {isa = PBXFileReference; lastKnownFileType = sourcecode.swift; path = Latest.swift; sourceTree = "<group>"; };
		OBJ_18 /* Fold+Monoid.swift */ = {isa = PBXFileReference; lastKnownFileType = sourcecode.swift; path = "Fold+Monoid.swift"; sourceTree = "<group>"; };
		OBJ_180 /* Max.swift */ = {isa = PBXFileReference; lastKnownFileType = sourcecode.swift; path = Max.swift; sourceTree = "<group>"; };
		OBJ_181 /* Min.swift */ = {isa = PBXFileReference; lastKnownFileType = sourcecode.swift; path = Min.swift; sourceTree = "<group>"; };
		OBJ_183 /* Composition.swift */ = {isa = PBXFileReference; lastKnownFileType = sourcecode.swift; path = Composition.swift; sourceTree = "<group>"; };
		OBJ_184 /* NaturalTransformation.swift */ = {isa = PBXFileReference; lastKnownFileType = sourcecode.swift; path = NaturalTransformation.swift; sourceTree = "<group>"; };
		OBJ_185 /* Package.swift */ = {isa = PBXFileReference; explicitFileType = sourcecode.swift; name = Package.swift; path = /Users/josanchez/prog/glasses/.build/checkouts/algebraic/Package.swift; sourceTree = "<group>"; };
		OBJ_19 /* Fold+Semigroup.swift */ = {isa = PBXFileReference; lastKnownFileType = sourcecode.swift; path = "Fold+Semigroup.swift"; sourceTree = "<group>"; };
		OBJ_190 /* Configs */ = {isa = PBXFileReference; lastKnownFileType = folder; path = Configs; sourceTree = SOURCE_ROOT; };
		OBJ_191 /* LICENSE */ = {isa = PBXFileReference; lastKnownFileType = text; path = LICENSE; sourceTree = "<group>"; };
		OBJ_192 /* README.md */ = {isa = PBXFileReference; lastKnownFileType = net.daringfireball.markdown; path = README.md; sourceTree = "<group>"; };
		OBJ_193 /* glasses.podspec */ = {isa = PBXFileReference; lastKnownFileType = text; path = glasses.podspec; sourceTree = "<group>"; };
		OBJ_20 /* Fold+Utils.swift */ = {isa = PBXFileReference; lastKnownFileType = sourcecode.swift; path = "Fold+Utils.swift"; sourceTree = "<group>"; };
		OBJ_21 /* Fold.swift */ = {isa = PBXFileReference; lastKnownFileType = sourcecode.swift; path = Fold.swift; sourceTree = "<group>"; };
		OBJ_22 /* Func+Fold.swift */ = {isa = PBXFileReference; lastKnownFileType = sourcecode.swift; path = "Func+Fold.swift"; sourceTree = "<group>"; };
		OBJ_23 /* Lens+Fold.swift */ = {isa = PBXFileReference; lastKnownFileType = sourcecode.swift; path = "Lens+Fold.swift"; sourceTree = "<group>"; };
		OBJ_24 /* Optional+Fold.swift */ = {isa = PBXFileReference; lastKnownFileType = sourcecode.swift; path = "Optional+Fold.swift"; sourceTree = "<group>"; };
		OBJ_25 /* Prism+Fold.swift */ = {isa = PBXFileReference; lastKnownFileType = sourcecode.swift; path = "Prism+Fold.swift"; sourceTree = "<group>"; };
		OBJ_26 /* Traversal+Fold.swift */ = {isa = PBXFileReference; lastKnownFileType = sourcecode.swift; path = "Traversal+Fold.swift"; sourceTree = "<group>"; };
		OBJ_27 /* Traversal1+Fold.swift */ = {isa = PBXFileReference; lastKnownFileType = sourcecode.swift; path = "Traversal1+Fold.swift"; sourceTree = "<group>"; };
		OBJ_29 /* Iso+Composition.swift */ = {isa = PBXFileReference; lastKnownFileType = sourcecode.swift; path = "Iso+Composition.swift"; sourceTree = "<group>"; };
		OBJ_30 /* Iso+Numeric.swift */ = {isa = PBXFileReference; lastKnownFileType = sourcecode.swift; path = "Iso+Numeric.swift"; sourceTree = "<group>"; };
		OBJ_31 /* Iso.swift */ = {isa = PBXFileReference; lastKnownFileType = sourcecode.swift; path = Iso.swift; sourceTree = "<group>"; };
		OBJ_32 /* Lens+Prism.swift */ = {isa = PBXFileReference; lastKnownFileType = sourcecode.swift; path = "Lens+Prism.swift"; sourceTree = "<group>"; };
		OBJ_34 /* Lens+Composition.swift */ = {isa = PBXFileReference; lastKnownFileType = sourcecode.swift; path = "Lens+Composition.swift"; sourceTree = "<group>"; };
		OBJ_35 /* Lens+Constructors.swift */ = {isa = PBXFileReference; lastKnownFileType = sourcecode.swift; path = "Lens+Constructors.swift"; sourceTree = "<group>"; };
		OBJ_36 /* Lens+Getter.swift */ = {isa = PBXFileReference; lastKnownFileType = sourcecode.swift; path = "Lens+Getter.swift"; sourceTree = "<group>"; };
		OBJ_37 /* Lens+Iso.swift */ = {isa = PBXFileReference; lastKnownFileType = sourcecode.swift; path = "Lens+Iso.swift"; sourceTree = "<group>"; };
		OBJ_38 /* Lens+Methods.swift */ = {isa = PBXFileReference; lastKnownFileType = sourcecode.swift; path = "Lens+Methods.swift"; sourceTree = "<group>"; };
		OBJ_39 /* Lens+Setter.swift */ = {isa = PBXFileReference; lastKnownFileType = sourcecode.swift; path = "Lens+Setter.swift"; sourceTree = "<group>"; };
		OBJ_40 /* Lens+Tuple.swift */ = {isa = PBXFileReference; lastKnownFileType = sourcecode.swift; path = "Lens+Tuple.swift"; sourceTree = "<group>"; };
		OBJ_41 /* Lens.swift */ = {isa = PBXFileReference; lastKnownFileType = sourcecode.swift; path = Lens.swift; sourceTree = "<group>"; };
		OBJ_43 /* MLens+Composition.swift */ = {isa = PBXFileReference; lastKnownFileType = sourcecode.swift; path = "MLens+Composition.swift"; sourceTree = "<group>"; };
		OBJ_44 /* MLens+Constructor.swift */ = {isa = PBXFileReference; lastKnownFileType = sourcecode.swift; path = "MLens+Constructor.swift"; sourceTree = "<group>"; };
		OBJ_45 /* MLens.swift */ = {isa = PBXFileReference; lastKnownFileType = sourcecode.swift; path = MLens.swift; sourceTree = "<group>"; };
		OBJ_59 /* Application.swift */ = {isa = PBXFileReference; lastKnownFileType = sourcecode.swift; path = Application.swift; sourceTree = "<group>"; };
		OBJ_6 /* Package.swift */ = {isa = PBXFileReference; explicitFileType = sourcecode.swift; path = Package.swift; sourceTree = "<group>"; };
		OBJ_61 /* Either+Alt.swift */ = {isa = PBXFileReference; lastKnownFileType = sourcecode.swift; path = "Either+Alt.swift"; sourceTree = "<group>"; };
		OBJ_62 /* Either+Applicative.swift */ = {isa = PBXFileReference; lastKnownFileType = sourcecode.swift; path = "Either+Applicative.swift"; sourceTree = "<group>"; };
		OBJ_63 /* Either+Codable.swift */ = {isa = PBXFileReference; lastKnownFileType = sourcecode.swift; path = "Either+Codable.swift"; sourceTree = "<group>"; };
		OBJ_64 /* Either+Error.swift */ = {isa = PBXFileReference; lastKnownFileType = sourcecode.swift; path = "Either+Error.swift"; sourceTree = "<group>"; };
		OBJ_65 /* Either+Monad.swift */ = {isa = PBXFileReference; lastKnownFileType = sourcecode.swift; path = "Either+Monad.swift"; sourceTree = "<group>"; };
		OBJ_66 /* Either+Optional.swift */ = {isa = PBXFileReference; lastKnownFileType = sourcecode.swift; path = "Either+Optional.swift"; sourceTree = "<group>"; };
		OBJ_67 /* Either+Traversable.swift */ = {isa = PBXFileReference; lastKnownFileType = sourcecode.swift; path = "Either+Traversable.swift"; sourceTree = "<group>"; };
		OBJ_68 /* Either+Zip.swift */ = {isa = PBXFileReference; lastKnownFileType = sourcecode.swift; path = "Either+Zip.swift"; sourceTree = "<group>"; };
		OBJ_69 /* Either.swift */ = {isa = PBXFileReference; lastKnownFileType = sourcecode.swift; path = Either.swift; sourceTree = "<group>"; };
		OBJ_70 /* Operators.swift */ = {isa = PBXFileReference; lastKnownFileType = sourcecode.swift; path = Operators.swift; sourceTree = "<group>"; };
		OBJ_71 /* Optional+Utils.swift */ = {isa = PBXFileReference; lastKnownFileType = sourcecode.swift; path = "Optional+Utils.swift"; sourceTree = "<group>"; };
		OBJ_72 /* PrecedenceGroups.swift */ = {isa = PBXFileReference; lastKnownFileType = sourcecode.swift; path = PrecedenceGroups.swift; sourceTree = "<group>"; };
		OBJ_73 /* Prelude.swift */ = {isa = PBXFileReference; lastKnownFileType = sourcecode.swift; path = Prelude.swift; sourceTree = "<group>"; };
		OBJ_75 /* Either+Prism.swift */ = {isa = PBXFileReference; lastKnownFileType = sourcecode.swift; path = "Either+Prism.swift"; sourceTree = "<group>"; };
		OBJ_76 /* Prism+Composition.swift */ = {isa = PBXFileReference; lastKnownFileType = sourcecode.swift; path = "Prism+Composition.swift"; sourceTree = "<group>"; };
		OBJ_77 /* Prism+Creation.swift */ = {isa = PBXFileReference; lastKnownFileType = sourcecode.swift; path = "Prism+Creation.swift"; sourceTree = "<group>"; };
		OBJ_78 /* Prism+Enum.swift */ = {isa = PBXFileReference; lastKnownFileType = sourcecode.swift; path = "Prism+Enum.swift"; sourceTree = "<group>"; };
		OBJ_79 /* Prism+Getter.swift */ = {isa = PBXFileReference; lastKnownFileType = sourcecode.swift; path = "Prism+Getter.swift"; sourceTree = "<group>"; };
		OBJ_80 /* Prism+Methods.swift */ = {isa = PBXFileReference; lastKnownFileType = sourcecode.swift; path = "Prism+Methods.swift"; sourceTree = "<group>"; };
		OBJ_81 /* Prism+Operator.swift */ = {isa = PBXFileReference; lastKnownFileType = sourcecode.swift; path = "Prism+Operator.swift"; sourceTree = "<group>"; };
		OBJ_82 /* Prism+Optional.swift */ = {isa = PBXFileReference; lastKnownFileType = sourcecode.swift; path = "Prism+Optional.swift"; sourceTree = "<group>"; };
		OBJ_83 /* Prism+Setter.swift */ = {isa = PBXFileReference; lastKnownFileType = sourcecode.swift; path = "Prism+Setter.swift"; sourceTree = "<group>"; };
		OBJ_84 /* Prism.swift */ = {isa = PBXFileReference; lastKnownFileType = sourcecode.swift; path = Prism.swift; sourceTree = "<group>"; };
		OBJ_85 /* Result+Prism.swift */ = {isa = PBXFileReference; lastKnownFileType = sourcecode.swift; path = "Result+Prism.swift"; sourceTree = "<group>"; };
		OBJ_87 /* Getter.swift */ = {isa = PBXFileReference; lastKnownFileType = sourcecode.swift; path = Getter.swift; sourceTree = "<group>"; };
		OBJ_88 /* Optic.swift */ = {isa = PBXFileReference; lastKnownFileType = sourcecode.swift; path = Optic.swift; sourceTree = "<group>"; };
		OBJ_89 /* Setter.swift */ = {isa = PBXFileReference; lastKnownFileType = sourcecode.swift; path = Setter.swift; sourceTree = "<group>"; };
		OBJ_91 /* MSetters.swift */ = {isa = PBXFileReference; lastKnownFileType = sourcecode.swift; path = MSetters.swift; sourceTree = "<group>"; };
		OBJ_93 /* Either+Traversal.swift */ = {isa = PBXFileReference; lastKnownFileType = sourcecode.swift; path = "Either+Traversal.swift"; sourceTree = "<group>"; };
		OBJ_94 /* Lens+Traversal.swift */ = {isa = PBXFileReference; lastKnownFileType = sourcecode.swift; path = "Lens+Traversal.swift"; sourceTree = "<group>"; };
		OBJ_95 /* Optional+Traversal.swift */ = {isa = PBXFileReference; lastKnownFileType = sourcecode.swift; path = "Optional+Traversal.swift"; sourceTree = "<group>"; };
		OBJ_96 /* Traversal+Array.swift */ = {isa = PBXFileReference; lastKnownFileType = sourcecode.swift; path = "Traversal+Array.swift"; sourceTree = "<group>"; };
		OBJ_97 /* Traversal+Composition.swift */ = {isa = PBXFileReference; lastKnownFileType = sourcecode.swift; path = "Traversal+Composition.swift"; sourceTree = "<group>"; };
		OBJ_98 /* Traversal+Getter.swift */ = {isa = PBXFileReference; lastKnownFileType = sourcecode.swift; path = "Traversal+Getter.swift"; sourceTree = "<group>"; };
		OBJ_99 /* Traversal+Monoid.swift */ = {isa = PBXFileReference; lastKnownFileType = sourcecode.swift; path = "Traversal+Monoid.swift"; sourceTree = "<group>"; };
		"glasses::glasses::Product" /* glasses.framework */ = {isa = PBXFileReference; lastKnownFileType = wrapper.framework; path = glasses.framework; sourceTree = BUILT_PRODUCTS_DIR; };
		"glasses::glassesTests::Product" /* glassesTests.xctest */ = {isa = PBXFileReference; lastKnownFileType = file; path = glassesTests.xctest; sourceTree = BUILT_PRODUCTS_DIR; };
/* End PBXFileReference section */

/* Begin PBXFrameworksBuildPhase section */
		OBJ_243 /* Frameworks */ = {
			isa = PBXFrameworksBuildPhase;
			buildActionMask = 0;
			files = (
			);
			runOnlyForDeploymentPostprocessing = 0;
		};
		OBJ_349 /* Frameworks */ = {
			isa = PBXFrameworksBuildPhase;
			buildActionMask = 0;
			files = (
				OBJ_350 /* Algebraic.framework in Frameworks */,
			);
			runOnlyForDeploymentPostprocessing = 0;
		};
		OBJ_383 /* Frameworks */ = {
			isa = PBXFrameworksBuildPhase;
			buildActionMask = 0;
			files = (
				OBJ_384 /* glasses.framework in Frameworks */,
				OBJ_385 /* Algebraic.framework in Frameworks */,
			);
			runOnlyForDeploymentPostprocessing = 0;
		};
/* End PBXFrameworksBuildPhase section */

/* Begin PBXGroup section */
		OBJ_104 /* Traversal1 */ = {
			isa = PBXGroup;
			children = (
				OBJ_105 /* Lens+Traversal1.swift */,
				OBJ_106 /* Prism+Traversal1.swift */,
				OBJ_107 /* Traversal1+Array.swift */,
				OBJ_108 /* Traversal1+As.swift */,
				OBJ_109 /* Traversal1+Composition.swift */,
				OBJ_110 /* Traversal1+Dictionary.swift */,
				OBJ_111 /* Traversal1+Getter.swift */,
				OBJ_112 /* Traversal1+Methods.swift */,
				OBJ_113 /* Traversal1+Setter.swift */,
				OBJ_114 /* Traversal1.swift */,
			);
			path = Traversal1;
			sourceTree = "<group>";
		};
		OBJ_115 /* Tests */ = {
			isa = PBXGroup;
			children = (
				OBJ_116 /* glassesTests */,
			);
			name = Tests;
			sourceTree = SOURCE_ROOT;
		};
		OBJ_116 /* glassesTests */ = {
			isa = PBXGroup;
			children = (
				OBJ_117 /* EitherTests.swift */,
				OBJ_118 /* FoldTests.swift */,
				OBJ_119 /* IsoTests.swift */,
				OBJ_120 /* LensCompositionTests.swift */,
				OBJ_121 /* LensTests.swift */,
				OBJ_122 /* MLensTests.swift */,
				OBJ_124 /* OpticTests.swift */,
				OBJ_125 /* PrismTests.swift */,
				OBJ_127 /* Traversal1Tests.swift */,
				OBJ_128 /* TraversalCompositionTests.swift */,
				OBJ_129 /* TraversalPrismTests.swift */,
				OBJ_130 /* TraversalTests.swift */,
				OBJ_131 /* glassesTests.swift */,
			);
			name = glassesTests;
			path = Tests/glassesTests;
			sourceTree = SOURCE_ROOT;
		};
		OBJ_132 /* Dependencies */ = {
			isa = PBXGroup;
			children = (
				OBJ_133 /* Algebraic 0.2.1 */,
			);
			name = Dependencies;
			sourceTree = "<group>";
		};
		OBJ_133 /* Algebraic 0.2.1 */ = {
			isa = PBXGroup;
			children = (
				OBJ_134 /* Algebraic */,
				OBJ_185 /* Package.swift */,
			);
			name = "Algebraic 0.2.1";
			sourceTree = SOURCE_ROOT;
		};
		OBJ_134 /* Algebraic */ = {
			isa = PBXGroup;
			children = (
				OBJ_135 /* Extensions */,
				OBJ_144 /* Functions */,
				OBJ_146 /* Interfaces */,
				OBJ_156 /* Monoids */,
				OBJ_175 /* Semigroups */,
				OBJ_182 /* Utils */,
			);
			name = Algebraic;
			path = .build/checkouts/algebraic/Sources/Algebraic;
			sourceTree = SOURCE_ROOT;
		};
		OBJ_135 /* Extensions */ = {
			isa = PBXGroup;
			children = (
				OBJ_136 /* Array+Comparator.swift */,
				OBJ_137 /* Array+Predicate.swift */,
				OBJ_138 /* Array+Reduce.swift */,
				OBJ_139 /* Copointed+Utils.swift */,
				OBJ_140 /* Optional+Zip.swift */,
				OBJ_141 /* Sequence+FoldMap.swift */,
				OBJ_142 /* Sequence+Monoid.swift */,
				OBJ_143 /* Sequence+Semigroup.swift */,
			);
			path = Extensions;
			sourceTree = "<group>";
		};
		OBJ_144 /* Functions */ = {
			isa = PBXGroup;
			children = (
				OBJ_145 /* id.swift */,
			);
			path = Functions;
			sourceTree = "<group>";
		};
		OBJ_146 /* Interfaces */ = {
			isa = PBXGroup;
			children = (
				OBJ_147 /* Bounded.swift */,
				OBJ_148 /* Copointed.swift */,
				OBJ_149 /* LowerBounded.swift */,
				OBJ_150 /* Monoid.swift */,
				OBJ_151 /* Monoidal.swift */,
				OBJ_152 /* Numeric.swift */,
				OBJ_153 /* Pointed.swift */,
				OBJ_154 /* Semigroup.swift */,
				OBJ_155 /* UpperBounded.swift */,
			);
			path = Interfaces;
			sourceTree = "<group>";
		};
		OBJ_156 /* Monoids */ = {
			isa = PBXGroup;
			children = (
				OBJ_157 /* All.swift */,
				OBJ_158 /* Any.swift */,
				OBJ_159 /* Array+Monoid.swift */,
				OBJ_160 /* Average.swift */,
				OBJ_161 /* Endo.swift */,
				OBJ_162 /* FuncM.swift */,
				OBJ_163 /* Longest.swift */,
				OBJ_164 /* None.swift */,
				OBJ_165 /* Optional+Monoid.swift */,
				OBJ_166 /* Ordering.swift */,
				OBJ_167 /* PointedCopointed+Functor.swift */,
				OBJ_168 /* Predicate.swift */,
				OBJ_169 /* Product.swift */,
				OBJ_170 /* Set+Monoid.swift */,
				OBJ_171 /* Shortest.swift */,
				OBJ_172 /* String+Monoid.swift */,
				OBJ_173 /* String+Predicate.swift */,
				OBJ_174 /* Sum.swift */,
			);
			path = Monoids;
			sourceTree = "<group>";
		};
		OBJ_175 /* Semigroups */ = {
			isa = PBXGroup;
			children = (
				OBJ_176 /* Earliest.swift */,
				OBJ_177 /* First.swift */,
				OBJ_178 /* Last.swift */,
				OBJ_179 /* Latest.swift */,
				OBJ_180 /* Max.swift */,
				OBJ_181 /* Min.swift */,
			);
			path = Semigroups;
			sourceTree = "<group>";
		};
		OBJ_182 /* Utils */ = {
			isa = PBXGroup;
			children = (
				OBJ_183 /* Composition.swift */,
				OBJ_184 /* NaturalTransformation.swift */,
			);
			path = Utils;
			sourceTree = "<group>";
		};
		OBJ_186 /* Products */ = {
			isa = PBXGroup;
			children = (
				"Algebraic::Algebraic::Product" /* Algebraic.framework */,
				"glasses::glassesTests::Product" /* glassesTests.xctest */,
				"glasses::glasses::Product" /* glasses.framework */,
			);
			name = Products;
			sourceTree = BUILT_PRODUCTS_DIR;
		};
		OBJ_28 /* Iso */ = {
			isa = PBXGroup;
			children = (
				OBJ_29 /* Iso+Composition.swift */,
				OBJ_30 /* Iso+Numeric.swift */,
				OBJ_31 /* Iso.swift */,
			);
			path = Iso;
			sourceTree = "<group>";
		};
		OBJ_33 /* Lens */ = {
			isa = PBXGroup;
			children = (
				OBJ_34 /* Lens+Composition.swift */,
				OBJ_35 /* Lens+Constructors.swift */,
				OBJ_36 /* Lens+Getter.swift */,
				OBJ_37 /* Lens+Iso.swift */,
				OBJ_38 /* Lens+Methods.swift */,
				OBJ_39 /* Lens+Setter.swift */,
				OBJ_40 /* Lens+Tuple.swift */,
				OBJ_41 /* Lens.swift */,
			);
			path = Lens;
			sourceTree = "<group>";
		};
		OBJ_42 /* MLens */ = {
			isa = PBXGroup;
			children = (
				OBJ_43 /* MLens+Composition.swift */,
				OBJ_44 /* MLens+Constructor.swift */,
				OBJ_45 /* MLens.swift */,
			);
			path = MLens;
			sourceTree = "<group>";
		};
		OBJ_46 /* Prelude */ = {
			isa = PBXGroup;
			children = (
				OBJ_59 /* Application.swift */,
				OBJ_60 /* Either */,
				OBJ_70 /* Operators.swift */,
				OBJ_71 /* Optional+Utils.swift */,
				OBJ_72 /* PrecedenceGroups.swift */,
				OBJ_73 /* Prelude.swift */,
			);
			path = Prelude;
			sourceTree = "<group>";
		};
		OBJ_5 /*  */ = {
			isa = PBXGroup;
			children = (
				ACCA15B3250260B600090A50 /* glasses-Package.xctestplan */,
				OBJ_6 /* Package.swift */,
				OBJ_7 /* Sources */,
				OBJ_115 /* Tests */,
				OBJ_132 /* Dependencies */,
				OBJ_186 /* Products */,
				OBJ_190 /* Configs */,
				OBJ_191 /* LICENSE */,
				OBJ_192 /* README.md */,
				OBJ_193 /* glasses.podspec */,
			);
			name = "";
			sourceTree = "<group>";
		};
		OBJ_60 /* Either */ = {
			isa = PBXGroup;
			children = (
				OBJ_61 /* Either+Alt.swift */,
				OBJ_62 /* Either+Applicative.swift */,
				OBJ_63 /* Either+Codable.swift */,
				OBJ_64 /* Either+Error.swift */,
				OBJ_65 /* Either+Monad.swift */,
				OBJ_66 /* Either+Optional.swift */,
				OBJ_67 /* Either+Traversable.swift */,
				OBJ_68 /* Either+Zip.swift */,
				OBJ_69 /* Either.swift */,
			);
			path = Either;
			sourceTree = "<group>";
		};
		OBJ_7 /* Sources */ = {
			isa = PBXGroup;
			children = (
				OBJ_8 /* glasses */,
			);
			name = Sources;
			sourceTree = SOURCE_ROOT;
		};
		OBJ_74 /* Prism */ = {
			isa = PBXGroup;
			children = (
				OBJ_75 /* Either+Prism.swift */,
				OBJ_76 /* Prism+Composition.swift */,
				OBJ_77 /* Prism+Creation.swift */,
				OBJ_78 /* Prism+Enum.swift */,
				OBJ_79 /* Prism+Getter.swift */,
				OBJ_80 /* Prism+Methods.swift */,
				OBJ_81 /* Prism+Operator.swift */,
				OBJ_82 /* Prism+Optional.swift */,
				OBJ_83 /* Prism+Setter.swift */,
				OBJ_84 /* Prism.swift */,
				OBJ_85 /* Result+Prism.swift */,
			);
			path = Prism;
			sourceTree = "<group>";
		};
		OBJ_8 /* glasses */ = {
			isa = PBXGroup;
			children = (
				OBJ_9 /* Fold */,
				OBJ_28 /* Iso */,
				OBJ_32 /* Lens+Prism.swift */,
				OBJ_33 /* Lens */,
				OBJ_42 /* MLens */,
				OBJ_46 /* Prelude */,
				OBJ_74 /* Prism */,
				OBJ_86 /* Protocols */,
				OBJ_90 /* Setters */,
				OBJ_92 /* Traversal */,
				OBJ_104 /* Traversal1 */,
			);
			name = glasses;
			path = Sources/glasses;
			sourceTree = SOURCE_ROOT;
		};
		OBJ_86 /* Protocols */ = {
			isa = PBXGroup;
			children = (
				OBJ_87 /* Getter.swift */,
				OBJ_88 /* Optic.swift */,
				OBJ_89 /* Setter.swift */,
			);
			path = Protocols;
			sourceTree = "<group>";
		};
		OBJ_9 /* Fold */ = {
			isa = PBXGroup;
			children = (
				OBJ_10 /* Either+Fold.swift */,
				OBJ_11 /* Fold+Array.swift */,
				OBJ_12 /* Fold+Composition.swift */,
				OBJ_13 /* Fold+Concatenation.swift */,
				OBJ_14 /* Fold+Filter.swift */,
				OBJ_15 /* Fold+Functor.swift */,
				OBJ_16 /* Fold+Getter.swift */,
				OBJ_17 /* Fold+KeyPath.swift */,
				OBJ_18 /* Fold+Monoid.swift */,
				OBJ_19 /* Fold+Semigroup.swift */,
				OBJ_20 /* Fold+Utils.swift */,
				OBJ_21 /* Fold.swift */,
				OBJ_22 /* Func+Fold.swift */,
				OBJ_23 /* Lens+Fold.swift */,
				OBJ_24 /* Optional+Fold.swift */,
				OBJ_25 /* Prism+Fold.swift */,
				OBJ_26 /* Traversal+Fold.swift */,
				OBJ_27 /* Traversal1+Fold.swift */,
			);
			path = Fold;
			sourceTree = "<group>";
		};
		OBJ_90 /* Setters */ = {
			isa = PBXGroup;
			children = (
				OBJ_91 /* MSetters.swift */,
			);
			path = Setters;
			sourceTree = "<group>";
		};
		OBJ_92 /* Traversal */ = {
			isa = PBXGroup;
			children = (
				OBJ_93 /* Either+Traversal.swift */,
				OBJ_94 /* Lens+Traversal.swift */,
				OBJ_95 /* Optional+Traversal.swift */,
				OBJ_96 /* Traversal+Array.swift */,
				OBJ_97 /* Traversal+Composition.swift */,
				OBJ_98 /* Traversal+Getter.swift */,
				OBJ_99 /* Traversal+Monoid.swift */,
				OBJ_100 /* Traversal+Setter.swift */,
				OBJ_101 /* Traversal+Tuple.swift */,
				OBJ_102 /* Traversal+Utils.swift */,
				OBJ_103 /* Traversal.swift */,
			);
			path = Traversal;
			sourceTree = "<group>";
		};
/* End PBXGroup section */

/* Begin PBXNativeTarget section */
		"Algebraic::Algebraic" /* Algebraic */ = {
			isa = PBXNativeTarget;
			buildConfigurationList = OBJ_195 /* Build configuration list for PBXNativeTarget "Algebraic" */;
			buildPhases = (
				OBJ_198 /* Sources */,
				OBJ_243 /* Frameworks */,
			);
			buildRules = (
			);
			dependencies = (
			);
			name = Algebraic;
			productName = Algebraic;
			productReference = "Algebraic::Algebraic::Product" /* Algebraic.framework */;
			productType = "com.apple.product-type.framework";
		};
		"Algebraic::SwiftPMPackageDescription" /* AlgebraicPackageDescription */ = {
			isa = PBXNativeTarget;
			buildConfigurationList = OBJ_245 /* Build configuration list for PBXNativeTarget "AlgebraicPackageDescription" */;
			buildPhases = (
				OBJ_248 /* Sources */,
			);
			buildRules = (
			);
			dependencies = (
			);
			name = AlgebraicPackageDescription;
			productName = AlgebraicPackageDescription;
			productType = "com.apple.product-type.framework";
		};
		"glasses::SwiftPMPackageDescription" /* glassesPackageDescription */ = {
			isa = PBXNativeTarget;
			buildConfigurationList = OBJ_353 /* Build configuration list for PBXNativeTarget "glassesPackageDescription" */;
			buildPhases = (
				OBJ_356 /* Sources */,
			);
			buildRules = (
			);
			dependencies = (
			);
			name = glassesPackageDescription;
			productName = glassesPackageDescription;
			productType = "com.apple.product-type.framework";
		};
		"glasses::glasses" /* glasses */ = {
			isa = PBXNativeTarget;
			buildConfigurationList = OBJ_251 /* Build configuration list for PBXNativeTarget "glasses" */;
			buildPhases = (
				OBJ_254 /* Sources */,
				OBJ_349 /* Frameworks */,
			);
			buildRules = (
			);
			dependencies = (
				OBJ_351 /* PBXTargetDependency */,
			);
			name = glasses;
			productName = glasses;
			productReference = "glasses::glasses::Product" /* glasses.framework */;
			productType = "com.apple.product-type.framework";
		};
		"glasses::glassesTests" /* glassesTests */ = {
			isa = PBXNativeTarget;
			buildConfigurationList = OBJ_364 /* Build configuration list for PBXNativeTarget "glassesTests" */;
			buildPhases = (
				OBJ_367 /* Sources */,
				OBJ_383 /* Frameworks */,
			);
			buildRules = (
			);
			dependencies = (
				OBJ_386 /* PBXTargetDependency */,
				OBJ_387 /* PBXTargetDependency */,
			);
			name = glassesTests;
			productName = glassesTests;
			productReference = "glasses::glassesTests::Product" /* glassesTests.xctest */;
			productType = "com.apple.product-type.bundle.unit-test";
		};
/* End PBXNativeTarget section */

/* Begin PBXProject section */
		OBJ_1 /* Project object */ = {
			isa = PBXProject;
			attributes = {
				LastSwiftMigration = 9999;
				LastUpgradeCheck = 9999;
			};
			buildConfigurationList = OBJ_2 /* Build configuration list for PBXProject "glasses" */;
			compatibilityVersion = "Xcode 3.2";
			developmentRegion = en;
			hasScannedForEncodings = 0;
			knownRegions = (
				en,
			);
			mainGroup = OBJ_5 /*  */;
			productRefGroup = OBJ_186 /* Products */;
			projectDirPath = "";
			projectRoot = "";
			targets = (
				"Algebraic::Algebraic" /* Algebraic */,
				"Algebraic::SwiftPMPackageDescription" /* AlgebraicPackageDescription */,
				"glasses::glasses" /* glasses */,
				"glasses::SwiftPMPackageDescription" /* glassesPackageDescription */,
				"glasses::glassesPackageTests::ProductTarget" /* glassesPackageTests */,
				"glasses::glassesTests" /* glassesTests */,
			);
		};
/* End PBXProject section */

/* Begin PBXSourcesBuildPhase section */
		OBJ_198 /* Sources */ = {
			isa = PBXSourcesBuildPhase;
			buildActionMask = 0;
			files = (
				OBJ_199 /* Array+Comparator.swift in Sources */,
				OBJ_200 /* Array+Predicate.swift in Sources */,
				OBJ_201 /* Array+Reduce.swift in Sources */,
				OBJ_202 /* Copointed+Utils.swift in Sources */,
				OBJ_203 /* Optional+Zip.swift in Sources */,
				OBJ_204 /* Sequence+FoldMap.swift in Sources */,
				OBJ_205 /* Sequence+Monoid.swift in Sources */,
				OBJ_206 /* Sequence+Semigroup.swift in Sources */,
				OBJ_207 /* id.swift in Sources */,
				OBJ_208 /* Bounded.swift in Sources */,
				OBJ_209 /* Copointed.swift in Sources */,
				OBJ_210 /* LowerBounded.swift in Sources */,
				OBJ_211 /* Monoid.swift in Sources */,
				OBJ_212 /* Monoidal.swift in Sources */,
				OBJ_213 /* Numeric.swift in Sources */,
				OBJ_214 /* Pointed.swift in Sources */,
				OBJ_215 /* Semigroup.swift in Sources */,
				OBJ_216 /* UpperBounded.swift in Sources */,
				OBJ_217 /* All.swift in Sources */,
				OBJ_218 /* Any.swift in Sources */,
				OBJ_219 /* Array+Monoid.swift in Sources */,
				OBJ_220 /* Average.swift in Sources */,
				OBJ_221 /* Endo.swift in Sources */,
				OBJ_222 /* FuncM.swift in Sources */,
				OBJ_223 /* Longest.swift in Sources */,
				OBJ_224 /* None.swift in Sources */,
				OBJ_225 /* Optional+Monoid.swift in Sources */,
				OBJ_226 /* Ordering.swift in Sources */,
				OBJ_227 /* PointedCopointed+Functor.swift in Sources */,
				OBJ_228 /* Predicate.swift in Sources */,
				OBJ_229 /* Product.swift in Sources */,
				OBJ_230 /* Set+Monoid.swift in Sources */,
				OBJ_231 /* Shortest.swift in Sources */,
				OBJ_232 /* String+Monoid.swift in Sources */,
				OBJ_233 /* String+Predicate.swift in Sources */,
				OBJ_234 /* Sum.swift in Sources */,
				OBJ_235 /* Earliest.swift in Sources */,
				OBJ_236 /* First.swift in Sources */,
				OBJ_237 /* Last.swift in Sources */,
				OBJ_238 /* Latest.swift in Sources */,
				OBJ_239 /* Max.swift in Sources */,
				OBJ_240 /* Min.swift in Sources */,
				OBJ_241 /* Composition.swift in Sources */,
				OBJ_242 /* NaturalTransformation.swift in Sources */,
			);
			runOnlyForDeploymentPostprocessing = 0;
		};
		OBJ_248 /* Sources */ = {
			isa = PBXSourcesBuildPhase;
			buildActionMask = 0;
			files = (
				OBJ_249 /* Package.swift in Sources */,
			);
			runOnlyForDeploymentPostprocessing = 0;
		};
		OBJ_254 /* Sources */ = {
			isa = PBXSourcesBuildPhase;
			buildActionMask = 0;
			files = (
				OBJ_255 /* Either+Fold.swift in Sources */,
				OBJ_256 /* Fold+Array.swift in Sources */,
				OBJ_257 /* Fold+Composition.swift in Sources */,
				OBJ_258 /* Fold+Concatenation.swift in Sources */,
				OBJ_259 /* Fold+Filter.swift in Sources */,
				OBJ_260 /* Fold+Functor.swift in Sources */,
				OBJ_261 /* Fold+Getter.swift in Sources */,
				OBJ_262 /* Fold+KeyPath.swift in Sources */,
				OBJ_263 /* Fold+Monoid.swift in Sources */,
				OBJ_264 /* Fold+Semigroup.swift in Sources */,
				OBJ_265 /* Fold+Utils.swift in Sources */,
				OBJ_266 /* Fold.swift in Sources */,
				OBJ_267 /* Func+Fold.swift in Sources */,
				OBJ_268 /* Lens+Fold.swift in Sources */,
				OBJ_269 /* Optional+Fold.swift in Sources */,
				OBJ_270 /* Prism+Fold.swift in Sources */,
				OBJ_271 /* Traversal+Fold.swift in Sources */,
				OBJ_272 /* Traversal1+Fold.swift in Sources */,
				OBJ_273 /* Iso+Composition.swift in Sources */,
				OBJ_274 /* Iso+Numeric.swift in Sources */,
				OBJ_275 /* Iso.swift in Sources */,
				OBJ_276 /* Lens+Prism.swift in Sources */,
				OBJ_277 /* Lens+Composition.swift in Sources */,
				OBJ_278 /* Lens+Constructors.swift in Sources */,
				OBJ_279 /* Lens+Getter.swift in Sources */,
				OBJ_280 /* Lens+Iso.swift in Sources */,
				OBJ_281 /* Lens+Methods.swift in Sources */,
				OBJ_282 /* Lens+Setter.swift in Sources */,
				OBJ_283 /* Lens+Tuple.swift in Sources */,
				OBJ_284 /* Lens.swift in Sources */,
				OBJ_285 /* MLens+Composition.swift in Sources */,
				OBJ_286 /* MLens+Constructor.swift in Sources */,
				OBJ_287 /* MLens.swift in Sources */,
				OBJ_299 /* Application.swift in Sources */,
				OBJ_300 /* Either+Alt.swift in Sources */,
				OBJ_301 /* Either+Applicative.swift in Sources */,
				OBJ_302 /* Either+Codable.swift in Sources */,
				OBJ_303 /* Either+Error.swift in Sources */,
				OBJ_304 /* Either+Monad.swift in Sources */,
				OBJ_305 /* Either+Optional.swift in Sources */,
				OBJ_306 /* Either+Traversable.swift in Sources */,
				OBJ_307 /* Either+Zip.swift in Sources */,
				OBJ_308 /* Either.swift in Sources */,
				OBJ_309 /* Operators.swift in Sources */,
				OBJ_310 /* Optional+Utils.swift in Sources */,
				OBJ_311 /* PrecedenceGroups.swift in Sources */,
				OBJ_312 /* Prelude.swift in Sources */,
				OBJ_313 /* Either+Prism.swift in Sources */,
				OBJ_314 /* Prism+Composition.swift in Sources */,
				OBJ_315 /* Prism+Creation.swift in Sources */,
				OBJ_316 /* Prism+Enum.swift in Sources */,
				OBJ_317 /* Prism+Getter.swift in Sources */,
				OBJ_318 /* Prism+Methods.swift in Sources */,
				OBJ_319 /* Prism+Operator.swift in Sources */,
				OBJ_320 /* Prism+Optional.swift in Sources */,
				OBJ_321 /* Prism+Setter.swift in Sources */,
				OBJ_322 /* Prism.swift in Sources */,
				OBJ_323 /* Result+Prism.swift in Sources */,
				OBJ_324 /* Getter.swift in Sources */,
				OBJ_325 /* Optic.swift in Sources */,
				OBJ_326 /* Setter.swift in Sources */,
				OBJ_327 /* MSetters.swift in Sources */,
				OBJ_328 /* Either+Traversal.swift in Sources */,
				OBJ_329 /* Lens+Traversal.swift in Sources */,
				OBJ_330 /* Optional+Traversal.swift in Sources */,
				OBJ_331 /* Traversal+Array.swift in Sources */,
				OBJ_332 /* Traversal+Composition.swift in Sources */,
				OBJ_333 /* Traversal+Getter.swift in Sources */,
				OBJ_334 /* Traversal+Monoid.swift in Sources */,
				OBJ_335 /* Traversal+Setter.swift in Sources */,
				OBJ_336 /* Traversal+Tuple.swift in Sources */,
				OBJ_337 /* Traversal+Utils.swift in Sources */,
				OBJ_338 /* Traversal.swift in Sources */,
				OBJ_339 /* Lens+Traversal1.swift in Sources */,
				OBJ_340 /* Prism+Traversal1.swift in Sources */,
				OBJ_341 /* Traversal1+Array.swift in Sources */,
				OBJ_342 /* Traversal1+As.swift in Sources */,
				OBJ_343 /* Traversal1+Composition.swift in Sources */,
				OBJ_344 /* Traversal1+Dictionary.swift in Sources */,
				OBJ_345 /* Traversal1+Getter.swift in Sources */,
				OBJ_346 /* Traversal1+Methods.swift in Sources */,
				OBJ_347 /* Traversal1+Setter.swift in Sources */,
				OBJ_348 /* Traversal1.swift in Sources */,
			);
			runOnlyForDeploymentPostprocessing = 0;
		};
		OBJ_356 /* Sources */ = {
			isa = PBXSourcesBuildPhase;
			buildActionMask = 0;
			files = (
				OBJ_357 /* Package.swift in Sources */,
			);
			runOnlyForDeploymentPostprocessing = 0;
		};
		OBJ_367 /* Sources */ = {
			isa = PBXSourcesBuildPhase;
			buildActionMask = 0;
			files = (
				OBJ_368 /* EitherTests.swift in Sources */,
				OBJ_369 /* FoldTests.swift in Sources */,
				OBJ_370 /* IsoTests.swift in Sources */,
				OBJ_371 /* LensCompositionTests.swift in Sources */,
				OBJ_372 /* LensTests.swift in Sources */,
				OBJ_373 /* MLensTests.swift in Sources */,
				OBJ_375 /* OpticTests.swift in Sources */,
				OBJ_376 /* PrismTests.swift in Sources */,
				OBJ_378 /* Traversal1Tests.swift in Sources */,
				OBJ_379 /* TraversalCompositionTests.swift in Sources */,
				OBJ_380 /* TraversalPrismTests.swift in Sources */,
				OBJ_381 /* TraversalTests.swift in Sources */,
				OBJ_382 /* glassesTests.swift in Sources */,
			);
			runOnlyForDeploymentPostprocessing = 0;
		};
/* End PBXSourcesBuildPhase section */

/* Begin PBXTargetDependency section */
		OBJ_351 /* PBXTargetDependency */ = {
			isa = PBXTargetDependency;
			target = "Algebraic::Algebraic" /* Algebraic */;
			targetProxy = ACCA15AF25024F0800090A50 /* PBXContainerItemProxy */;
		};
		OBJ_362 /* PBXTargetDependency */ = {
			isa = PBXTargetDependency;
			target = "glasses::glassesTests" /* glassesTests */;
			targetProxy = ACCA15B22502510300090A50 /* PBXContainerItemProxy */;
		};
		OBJ_386 /* PBXTargetDependency */ = {
			isa = PBXTargetDependency;
			target = "glasses::glasses" /* glasses */;
			targetProxy = ACCA15B025024F0800090A50 /* PBXContainerItemProxy */;
		};
		OBJ_387 /* PBXTargetDependency */ = {
			isa = PBXTargetDependency;
			target = "Algebraic::Algebraic" /* Algebraic */;
			targetProxy = ACCA15B125024F0800090A50 /* PBXContainerItemProxy */;
		};
/* End PBXTargetDependency section */

/* Begin XCBuildConfiguration section */
		OBJ_196 /* Debug */ = {
			isa = XCBuildConfiguration;
			buildSettings = {
				ENABLE_TESTABILITY = YES;
				FRAMEWORK_SEARCH_PATHS = (
					"$(inherited)",
					"$(PLATFORM_DIR)/Developer/Library/Frameworks",
				);
				HEADER_SEARCH_PATHS = "$(inherited)";
				INFOPLIST_FILE = glasses.xcodeproj/Algebraic_Info.plist;
				LD_RUNPATH_SEARCH_PATHS = "$(inherited) $(TOOLCHAIN_DIR)/usr/lib/swift/macosx";
				OTHER_CFLAGS = "$(inherited)";
				OTHER_LDFLAGS = "$(inherited)";
				OTHER_SWIFT_FLAGS = "$(inherited)";
				PRODUCT_BUNDLE_IDENTIFIER = Algebraic;
				PRODUCT_MODULE_NAME = "$(TARGET_NAME:c99extidentifier)";
				PRODUCT_NAME = "$(TARGET_NAME:c99extidentifier)";
				SKIP_INSTALL = YES;
				SWIFT_ACTIVE_COMPILATION_CONDITIONS = "$(inherited)";
				SWIFT_VERSION = 4.0;
				TARGET_NAME = Algebraic;
			};
			name = Debug;
		};
		OBJ_197 /* Release */ = {
			isa = XCBuildConfiguration;
			buildSettings = {
				ENABLE_TESTABILITY = YES;
				FRAMEWORK_SEARCH_PATHS = (
					"$(inherited)",
					"$(PLATFORM_DIR)/Developer/Library/Frameworks",
				);
				HEADER_SEARCH_PATHS = "$(inherited)";
				INFOPLIST_FILE = glasses.xcodeproj/Algebraic_Info.plist;
				LD_RUNPATH_SEARCH_PATHS = "$(inherited) $(TOOLCHAIN_DIR)/usr/lib/swift/macosx";
				OTHER_CFLAGS = "$(inherited)";
				OTHER_LDFLAGS = "$(inherited)";
				OTHER_SWIFT_FLAGS = "$(inherited)";
				PRODUCT_BUNDLE_IDENTIFIER = Algebraic;
				PRODUCT_MODULE_NAME = "$(TARGET_NAME:c99extidentifier)";
				PRODUCT_NAME = "$(TARGET_NAME:c99extidentifier)";
				SKIP_INSTALL = YES;
				SWIFT_ACTIVE_COMPILATION_CONDITIONS = "$(inherited)";
				SWIFT_VERSION = 4.0;
				TARGET_NAME = Algebraic;
			};
			name = Release;
		};
		OBJ_246 /* Debug */ = {
			isa = XCBuildConfiguration;
			buildSettings = {
				LD = /usr/bin/true;
				OTHER_SWIFT_FLAGS = "-swift-version 4 -I $(TOOLCHAIN_DIR)/usr/lib/swift/pm/4 -target x86_64-apple-macosx10.10 -sdk /Applications/Xcode.app/Contents/Developer/Platforms/MacOSX.platform/Developer/SDKs/MacOSX10.15.sdk -package-description-version 4.0.0";
				SWIFT_VERSION = 4.0;
			};
			name = Debug;
		};
		OBJ_247 /* Release */ = {
			isa = XCBuildConfiguration;
			buildSettings = {
				LD = /usr/bin/true;
				OTHER_SWIFT_FLAGS = "-swift-version 4 -I $(TOOLCHAIN_DIR)/usr/lib/swift/pm/4 -target x86_64-apple-macosx10.10 -sdk /Applications/Xcode.app/Contents/Developer/Platforms/MacOSX.platform/Developer/SDKs/MacOSX10.15.sdk -package-description-version 4.0.0";
				SWIFT_VERSION = 4.0;
			};
			name = Release;
		};
		OBJ_252 /* Debug */ = {
			isa = XCBuildConfiguration;
			buildSettings = {
				ENABLE_TESTABILITY = YES;
				FRAMEWORK_SEARCH_PATHS = (
					"$(inherited)",
					"$(PLATFORM_DIR)/Developer/Library/Frameworks",
				);
				HEADER_SEARCH_PATHS = "$(inherited)";
				INFOPLIST_FILE = glasses.xcodeproj/glasses_Info.plist;
				LD_RUNPATH_SEARCH_PATHS = "$(inherited) $(TOOLCHAIN_DIR)/usr/lib/swift/macosx";
				OTHER_CFLAGS = "$(inherited)";
				OTHER_LDFLAGS = "$(inherited)";
				OTHER_SWIFT_FLAGS = "$(inherited)";
				PRODUCT_BUNDLE_IDENTIFIER = glasses;
				PRODUCT_MODULE_NAME = "$(TARGET_NAME:c99extidentifier)";
				PRODUCT_NAME = "$(TARGET_NAME:c99extidentifier)";
				SKIP_INSTALL = YES;
				SWIFT_ACTIVE_COMPILATION_CONDITIONS = "$(inherited)";
				SWIFT_VERSION = 4.0;
				TARGET_NAME = glasses;
			};
			name = Debug;
		};
		OBJ_253 /* Release */ = {
			isa = XCBuildConfiguration;
			buildSettings = {
				ENABLE_TESTABILITY = YES;
				FRAMEWORK_SEARCH_PATHS = (
					"$(inherited)",
					"$(PLATFORM_DIR)/Developer/Library/Frameworks",
				);
				HEADER_SEARCH_PATHS = "$(inherited)";
				INFOPLIST_FILE = glasses.xcodeproj/glasses_Info.plist;
				LD_RUNPATH_SEARCH_PATHS = "$(inherited) $(TOOLCHAIN_DIR)/usr/lib/swift/macosx";
				OTHER_CFLAGS = "$(inherited)";
				OTHER_LDFLAGS = "$(inherited)";
				OTHER_SWIFT_FLAGS = "$(inherited)";
				PRODUCT_BUNDLE_IDENTIFIER = glasses;
				PRODUCT_MODULE_NAME = "$(TARGET_NAME:c99extidentifier)";
				PRODUCT_NAME = "$(TARGET_NAME:c99extidentifier)";
				SKIP_INSTALL = YES;
				SWIFT_ACTIVE_COMPILATION_CONDITIONS = "$(inherited)";
				SWIFT_VERSION = 4.0;
				TARGET_NAME = glasses;
			};
			name = Release;
		};
		OBJ_3 /* Debug */ = {
			isa = XCBuildConfiguration;
			buildSettings = {
				CLANG_ENABLE_OBJC_ARC = YES;
				COMBINE_HIDPI_IMAGES = YES;
				COPY_PHASE_STRIP = NO;
				DEBUG_INFORMATION_FORMAT = dwarf;
				DYLIB_INSTALL_NAME_BASE = "@rpath";
				ENABLE_NS_ASSERTIONS = YES;
				GCC_OPTIMIZATION_LEVEL = 0;
				GCC_PREPROCESSOR_DEFINITIONS = (
					"$(inherited)",
					"SWIFT_PACKAGE=1",
					"DEBUG=1",
				);
				MACOSX_DEPLOYMENT_TARGET = 10.10;
				ONLY_ACTIVE_ARCH = YES;
				OTHER_SWIFT_FLAGS = "$(inherited) -DXcode";
				PRODUCT_NAME = "$(TARGET_NAME)";
				SDKROOT = macosx;
				SUPPORTED_PLATFORMS = "macosx iphoneos iphonesimulator appletvos appletvsimulator watchos watchsimulator";
				SWIFT_ACTIVE_COMPILATION_CONDITIONS = "$(inherited) SWIFT_PACKAGE DEBUG";
				SWIFT_OPTIMIZATION_LEVEL = "-Onone";
				USE_HEADERMAP = NO;
			};
			name = Debug;
		};
		OBJ_354 /* Debug */ = {
			isa = XCBuildConfiguration;
			buildSettings = {
				LD = /usr/bin/true;
				OTHER_SWIFT_FLAGS = "-swift-version 4 -I $(TOOLCHAIN_DIR)/usr/lib/swift/pm/4 -target x86_64-apple-macosx10.10 -sdk /Applications/Xcode.app/Contents/Developer/Platforms/MacOSX.platform/Developer/SDKs/MacOSX10.15.sdk -package-description-version 4.0.0";
				SWIFT_VERSION = 4.0;
			};
			name = Debug;
		};
		OBJ_355 /* Release */ = {
			isa = XCBuildConfiguration;
			buildSettings = {
				LD = /usr/bin/true;
				OTHER_SWIFT_FLAGS = "-swift-version 4 -I $(TOOLCHAIN_DIR)/usr/lib/swift/pm/4 -target x86_64-apple-macosx10.10 -sdk /Applications/Xcode.app/Contents/Developer/Platforms/MacOSX.platform/Developer/SDKs/MacOSX10.15.sdk -package-description-version 4.0.0";
				SWIFT_VERSION = 4.0;
			};
			name = Release;
		};
		OBJ_360 /* Debug */ = {
			isa = XCBuildConfiguration;
			buildSettings = {
			};
			name = Debug;
		};
		OBJ_361 /* Release */ = {
			isa = XCBuildConfiguration;
			buildSettings = {
			};
			name = Release;
		};
		OBJ_365 /* Debug */ = {
			isa = XCBuildConfiguration;
			buildSettings = {
				CLANG_ENABLE_MODULES = YES;
				EMBEDDED_CONTENT_CONTAINS_SWIFT = YES;
				FRAMEWORK_SEARCH_PATHS = (
					"$(inherited)",
					"$(PLATFORM_DIR)/Developer/Library/Frameworks",
				);
				HEADER_SEARCH_PATHS = "$(inherited)";
				INFOPLIST_FILE = glasses.xcodeproj/glassesTests_Info.plist;
				LD_RUNPATH_SEARCH_PATHS = "$(inherited) @loader_path/../Frameworks @loader_path/Frameworks";
				OTHER_CFLAGS = "$(inherited)";
				OTHER_LDFLAGS = "$(inherited)";
				OTHER_SWIFT_FLAGS = "$(inherited)";
				SWIFT_ACTIVE_COMPILATION_CONDITIONS = "$(inherited)";
				SWIFT_VERSION = 4.0;
				TARGET_NAME = glassesTests;
			};
			name = Debug;
		};
		OBJ_366 /* Release */ = {
			isa = XCBuildConfiguration;
			buildSettings = {
				CLANG_ENABLE_MODULES = YES;
				EMBEDDED_CONTENT_CONTAINS_SWIFT = YES;
				FRAMEWORK_SEARCH_PATHS = (
					"$(inherited)",
					"$(PLATFORM_DIR)/Developer/Library/Frameworks",
				);
				HEADER_SEARCH_PATHS = "$(inherited)";
				INFOPLIST_FILE = glasses.xcodeproj/glassesTests_Info.plist;
				LD_RUNPATH_SEARCH_PATHS = "$(inherited) @loader_path/../Frameworks @loader_path/Frameworks";
				OTHER_CFLAGS = "$(inherited)";
				OTHER_LDFLAGS = "$(inherited)";
				OTHER_SWIFT_FLAGS = "$(inherited)";
				SWIFT_ACTIVE_COMPILATION_CONDITIONS = "$(inherited)";
				SWIFT_VERSION = 4.0;
				TARGET_NAME = glassesTests;
			};
			name = Release;
		};
		OBJ_4 /* Release */ = {
			isa = XCBuildConfiguration;
			buildSettings = {
				CLANG_ENABLE_OBJC_ARC = YES;
				COMBINE_HIDPI_IMAGES = YES;
				COPY_PHASE_STRIP = YES;
				DEBUG_INFORMATION_FORMAT = "dwarf-with-dsym";
				DYLIB_INSTALL_NAME_BASE = "@rpath";
				GCC_OPTIMIZATION_LEVEL = s;
				GCC_PREPROCESSOR_DEFINITIONS = (
					"$(inherited)",
					"SWIFT_PACKAGE=1",
				);
				MACOSX_DEPLOYMENT_TARGET = 10.10;
				OTHER_SWIFT_FLAGS = "$(inherited) -DXcode";
				PRODUCT_NAME = "$(TARGET_NAME)";
				SDKROOT = macosx;
				SUPPORTED_PLATFORMS = "macosx iphoneos iphonesimulator appletvos appletvsimulator watchos watchsimulator";
				SWIFT_ACTIVE_COMPILATION_CONDITIONS = "$(inherited) SWIFT_PACKAGE";
				SWIFT_OPTIMIZATION_LEVEL = "-Owholemodule";
				USE_HEADERMAP = NO;
			};
			name = Release;
		};
/* End XCBuildConfiguration section */

/* Begin XCConfigurationList section */
		OBJ_195 /* Build configuration list for PBXNativeTarget "Algebraic" */ = {
			isa = XCConfigurationList;
			buildConfigurations = (
				OBJ_196 /* Debug */,
				OBJ_197 /* Release */,
			);
			defaultConfigurationIsVisible = 0;
			defaultConfigurationName = Release;
		};
		OBJ_2 /* Build configuration list for PBXProject "glasses" */ = {
			isa = XCConfigurationList;
			buildConfigurations = (
				OBJ_3 /* Debug */,
				OBJ_4 /* Release */,
			);
			defaultConfigurationIsVisible = 0;
			defaultConfigurationName = Release;
		};
		OBJ_245 /* Build configuration list for PBXNativeTarget "AlgebraicPackageDescription" */ = {
			isa = XCConfigurationList;
			buildConfigurations = (
				OBJ_246 /* Debug */,
				OBJ_247 /* Release */,
			);
			defaultConfigurationIsVisible = 0;
			defaultConfigurationName = Release;
		};
		OBJ_251 /* Build configuration list for PBXNativeTarget "glasses" */ = {
			isa = XCConfigurationList;
			buildConfigurations = (
				OBJ_252 /* Debug */,
				OBJ_253 /* Release */,
			);
			defaultConfigurationIsVisible = 0;
			defaultConfigurationName = Release;
		};
		OBJ_353 /* Build configuration list for PBXNativeTarget "glassesPackageDescription" */ = {
			isa = XCConfigurationList;
			buildConfigurations = (
				OBJ_354 /* Debug */,
				OBJ_355 /* Release */,
			);
			defaultConfigurationIsVisible = 0;
			defaultConfigurationName = Release;
		};
		OBJ_359 /* Build configuration list for PBXAggregateTarget "glassesPackageTests" */ = {
			isa = XCConfigurationList;
			buildConfigurations = (
				OBJ_360 /* Debug */,
				OBJ_361 /* Release */,
			);
			defaultConfigurationIsVisible = 0;
			defaultConfigurationName = Release;
		};
		OBJ_364 /* Build configuration list for PBXNativeTarget "glassesTests" */ = {
			isa = XCConfigurationList;
			buildConfigurations = (
				OBJ_365 /* Debug */,
				OBJ_366 /* Release */,
			);
			defaultConfigurationIsVisible = 0;
			defaultConfigurationName = Release;
		};
/* End XCConfigurationList section */
	};
	rootObject = OBJ_1 /* Project object */;
}
